Microsoft Visual Studio Solution File, Format Version 11.00
# Visual Studio 2008

Project("{6D9B577B-F7E6-7F54-8D8C-86FDD6739838}") = "timbre_examples", "Assembly-CSharp-firstpass.csproj", "{1BAEC091-8592-A68B-4D4E-AB9BC45A4701}"
EndProject
Project("{6D9B577B-F7E6-7F54-8D8C-86FDD6739838}") = "timbre_examples", "Assembly-CSharp.csproj", "{B4917835-D1F7-A13A-916B-5FAAD0D1879B}"
EndProject
Project("{6D9B577B-F7E6-7F54-8D8C-86FDD6739838}") = "timbre_examples", "Assembly-CSharp-Editor.csproj", "{C2067709-C8C7-3222-0BA1-2F4ECA4AAE84}"
EndProject
Global
	GlobalSection(SolutionConfigurationPlatforms) = preSolution
		Debug|Any CPU = Debug|Any CPU
		Release|Any CPU = Release|Any CPU
	EndGlobalSection
	GlobalSection(ProjectConfigurationPlatforms) = postSolution
		{1BAEC091-8592-A68B-4D4E-AB9BC45A4701}.Debug|Any CPU.ActiveCfg = Debug|Any CPU
		{1BAEC091-8592-A68B-4D4E-AB9BC45A4701}.Debug|Any CPU.Build.0 = Debug|Any CPU
		{1BAEC091-8592-A68B-4D4E-AB9BC45A4701}.Release|Any CPU.ActiveCfg = Release|Any CPU
		{1BAEC091-8592-A68B-4D4E-AB9BC45A4701}.Release|Any CPU.Build.0 = Release|Any CPU
		{B4917835-D1F7-A13A-916B-5FAAD0D1879B}.Debug|Any CPU.ActiveCfg = Debug|Any CPU
		{B4917835-D1F7-A13A-916B-5FAAD0D1879B}.Debug|Any CPU.Build.0 = Debug|Any CPU
		{B4917835-D1F7-A13A-916B-5FAAD0D1879B}.Release|Any CPU.ActiveCfg = Release|Any CPU
		{B4917835-D1F7-A13A-916B-5FAAD0D1879B}.Release|Any CPU.Build.0 = Release|Any CPU
		{C2067709-C8C7-3222-0BA1-2F4ECA4AAE84}.Debug|Any CPU.ActiveCfg = Debug|Any CPU
		{C2067709-C8C7-3222-0BA1-2F4ECA4AAE84}.Debug|Any CPU.Build.0 = Debug|Any CPU
		{C2067709-C8C7-3222-0BA1-2F4ECA4AAE84}.Release|Any CPU.ActiveCfg = Release|Any CPU
		{C2067709-C8C7-3222-0BA1-2F4ECA4AAE84}.Release|Any CPU.Build.0 = Release|Any CPU
	EndGlobalSection
	GlobalSection(SolutionProperties) = preSolution
		HideSolutionNode = FALSE
	EndGlobalSection
	GlobalSection(MonoDevelopProperties) = preSolution
		StartupItem = Assembly-CSharp.csproj
	EndGlobalSection
EndGlobal
